{
  "name": "react-vite-tailwind",
  "version": "0.0.0",
  "lockfileVersion": 3,
  "requires": true,
  "packages": {
    "": {
      "name": "react-vite-tailwind",
      "version": "0.0.0",
      "dependencies": {
        "clsx": "2.1.1",
        "react": "19.2.6",
        "react-dom": "19.2.6",
        "tailwind-merge": "3.4.0"
      },
      "devDependencies": {
        "@tailwindcss/vite": "4.1.17",
        "@types/node": "22.19.17",
        "@types/react": "19.2.7",
        "@types/react-dom": "19.2.3",
        "@vitejs/plugin-react": "5.1.1",
        "tailwindcss": "4.1.17",
        "typescript": "5.9.3",
        "vite": "7.3.2",
        "vite-plugin-singlefile": "2.3.0"
      }
    },
    "node_modules/@babel/code-frame": {
      "version": "7.29.7",
      "resolved": "https://registry.npmjs.org/@babel/code-frame/-/code-frame-7.29.7.tgz",
      "integrity": "sha512-Aup7aUOfpbAUg2ROOJN6Iw5f9DMBlzu0mIkm/malLQFN/YQgO48wCj0Kxa3sEHJvPVFg7siR+qRInwXd2qhQKw==",
      "dev": true,
      "license": "MIT",
      "dependencies": {
        "@babel/helper-validator-identifier": "^7.29.7",
        "js-tokens": "^4.0.0",
        "picocolors": "^1.1.1"
      },
      "engines": {
        "node": ">=6.9.0"
      }
    }
    /* package-lock truncated for brevity */
  }
}
